
Microsoft Visual Studio Solution File, Format Version 12.00
# Visual Studio Version 17
VisualStudioVersion = 17.3.32929.385
MinimumVisualStudioVersion = 10.0.40219.1
Project("{FAE04EC0-301F-11D3-BF4B-00C04F79EFBC}") = "Entities", "Entities\Entities.csproj", "{FB6E8C23-BD65-4369-B310-C51E466B735C}"
EndProject
Project("{FAE04EC0-301F-11D3-BF4B-00C04F79EFBC}") = "DataAccess", "DataAccess\DataAccess.csproj", "{263D3664-DE2F-4475-828F-DAD588F06B89}"
EndProject
Project("{FAE04EC0-301F-11D3-BF4B-00C04F79EFBC}") = "Business", "Business\Business.csproj", "{40DFD8B4-BC8D-486C-AC4B-4873A3B40A63}"
EndProject
Project("{FAE04EC0-301F-11D3-BF4B-00C04F79EFBC}") = "ConsoleUIL", "ConsoleUIL\ConsoleUIL.csproj", "{B1F4DE83-A173-49AA-AA50-A1B77EEFEBEF}"
EndProject
Global
	GlobalSection(SolutionConfigurationPlatforms) = preSolution
		Debug|Any CPU = Debug|Any CPU
		Release|Any CPU = Release|Any CPU
	EndGlobalSection
	GlobalSection(ProjectConfigurationPlatforms) = postSolution
		{FB6E8C23-BD65-4369-B310-C51E466B735C}.Debug|Any CPU.ActiveCfg = Debug|Any CPU
		{FB6E8C23-BD65-4369-B310-C51E466B735C}.Debug|Any CPU.Build.0 = Debug|Any CPU
		{FB6E8C23-BD65-4369-B310-C51E466B735C}.Release|Any CPU.ActiveCfg = Release|Any CPU
		{FB6E8C23-BD65-4369-B310-C51E466B735C}.Release|Any CPU.Build.0 = Release|Any CPU
		{263D3664-DE2F-4475-828F-DAD588F06B89}.Debug|Any CPU.ActiveCfg = Debug|Any CPU
		{263D3664-DE2F-4475-828F-DAD588F06B89}.Debug|Any CPU.Build.0 = Debug|Any CPU
		{263D3664-DE2F-4475-828F-DAD588F06B89}.Release|Any CPU.ActiveCfg = Release|Any CPU
		{263D3664-DE2F-4475-828F-DAD588F06B89}.Release|Any CPU.Build.0 = Release|Any CPU
		{40DFD8B4-BC8D-486C-AC4B-4873A3B40A63}.Debug|Any CPU.ActiveCfg = Debug|Any CPU
		{40DFD8B4-BC8D-486C-AC4B-4873A3B40A63}.Debug|Any CPU.Build.0 = Debug|Any CPU
		{40DFD8B4-BC8D-486C-AC4B-4873A3B40A63}.Release|Any CPU.ActiveCfg = Release|Any CPU
		{40DFD8B4-BC8D-486C-AC4B-4873A3B40A63}.Release|Any CPU.Build.0 = Release|Any CPU
		{B1F4DE83-A173-49AA-AA50-A1B77EEFEBEF}.Debug|Any CPU.ActiveCfg = Debug|Any CPU
		{B1F4DE83-A173-49AA-AA50-A1B77EEFEBEF}.Debug|Any CPU.Build.0 = Debug|Any CPU
		{B1F4DE83-A173-49AA-AA50-A1B77EEFEBEF}.Release|Any CPU.ActiveCfg = Release|Any CPU
		{B1F4DE83-A173-49AA-AA50-A1B77EEFEBEF}.Release|Any CPU.Build.0 = Release|Any CPU
	EndGlobalSection
	GlobalSection(SolutionProperties) = preSolution
		HideSolutionNode = FALSE
	EndGlobalSection
	GlobalSection(ExtensibilityGlobals) = postSolution
		SolutionGuid = {80155772-0AC9-4D02-AE4A-637B329733DB}
	EndGlobalSection
EndGlobal
